
Microsoft Visual Studio Solution File, Format Version 12.00
# Visual Studio Version 16
VisualStudioVersion = 16.0.28711.60
MinimumVisualStudioVersion = 10.0.40219.1
Project("{9A19103F-16F7-4668-BE54-9A1E7A4F7556}") = "Bull.Recycle.Web", "Bull.Recycle.Web\Bull.Recycle.Web.csproj", "{02194516-C205-4561-A23B-FD2F4DED8DEB}"
EndProject
Project("{FAE04EC0-301F-11D3-BF4B-00C04F79EFBC}") = "Bull.Recycle.Catch", "Bull.Recycle.Catch\Bull.Recycle.Catch.csproj", "{775EAA76-F372-468B-B094-30D602CB4DAE}"
EndProject
Global
	GlobalSection(SolutionConfigurationPlatforms) = preSolution
		Debug|Any CPU = Debug|Any CPU
		Release|Any CPU = Release|Any CPU
	EndGlobalSection
	GlobalSection(ProjectConfigurationPlatforms) = postSolution
		{02194516-C205-4561-A23B-FD2F4DED8DEB}.Debug|Any CPU.ActiveCfg = Debug|Any CPU
		{02194516-C205-4561-A23B-FD2F4DED8DEB}.Debug|Any CPU.Build.0 = Debug|Any CPU
		{02194516-C205-4561-A23B-FD2F4DED8DEB}.Release|Any CPU.ActiveCfg = Release|Any CPU
		{02194516-C205-4561-A23B-FD2F4DED8DEB}.Release|Any CPU.Build.0 = Release|Any CPU
		{775EAA76-F372-468B-B094-30D602CB4DAE}.Debug|Any CPU.ActiveCfg = Debug|Any CPU
		{775EAA76-F372-468B-B094-30D602CB4DAE}.Debug|Any CPU.Build.0 = Debug|Any CPU
		{775EAA76-F372-468B-B094-30D602CB4DAE}.Release|Any CPU.ActiveCfg = Release|Any CPU
		{775EAA76-F372-468B-B094-30D602CB4DAE}.Release|Any CPU.Build.0 = Release|Any CPU
	EndGlobalSection
	GlobalSection(SolutionProperties) = preSolution
		HideSolutionNode = FALSE
	EndGlobalSection
	GlobalSection(ExtensibilityGlobals) = postSolution
		SolutionGuid = {FD32FB09-6A38-47B0-9514-FDF2E720FEDF}
	EndGlobalSection
EndGlobal
