
Microsoft Visual Studio Solution File, Format Version 12.00
# Visual Studio Version 16
VisualStudioVersion = 16.0.28711.60
MinimumVisualStudioVersion = 10.0.40219.1
Project("{FAE04EC0-301F-11D3-BF4B-00C04F79EFBC}") = "Bull.Recycle.Resource", "Bull.Recycle.Resource\Bull.Recycle.Resource.csproj", "{D75EF9DC-306B-44C3-A9E8-6BE090E32D7C}"
EndProject
Project("{FAE04EC0-301F-11D3-BF4B-00C04F79EFBC}") = "Bull.Recycle.Cache", "Bull.Recycle.Cache\Bull.Recycle.Cache.csproj", "{0E3CCB66-E754-4C15-B18E-ABAFF695B6DF}"
EndProject
Global
	GlobalSection(SolutionConfigurationPlatforms) = preSolution
		Debug|Any CPU = Debug|Any CPU
		Release|Any CPU = Release|Any CPU
	EndGlobalSection
	GlobalSection(ProjectConfigurationPlatforms) = postSolution
		{D75EF9DC-306B-44C3-A9E8-6BE090E32D7C}.Debug|Any CPU.ActiveCfg = Debug|Any CPU
		{D75EF9DC-306B-44C3-A9E8-6BE090E32D7C}.Debug|Any CPU.Build.0 = Debug|Any CPU
		{D75EF9DC-306B-44C3-A9E8-6BE090E32D7C}.Release|Any CPU.ActiveCfg = Release|Any CPU
		{D75EF9DC-306B-44C3-A9E8-6BE090E32D7C}.Release|Any CPU.Build.0 = Release|Any CPU
		{0E3CCB66-E754-4C15-B18E-ABAFF695B6DF}.Debug|Any CPU.ActiveCfg = Debug|Any CPU
		{0E3CCB66-E754-4C15-B18E-ABAFF695B6DF}.Debug|Any CPU.Build.0 = Debug|Any CPU
		{0E3CCB66-E754-4C15-B18E-ABAFF695B6DF}.Release|Any CPU.ActiveCfg = Release|Any CPU
		{0E3CCB66-E754-4C15-B18E-ABAFF695B6DF}.Release|Any CPU.Build.0 = Release|Any CPU
	EndGlobalSection
	GlobalSection(SolutionProperties) = preSolution
		HideSolutionNode = FALSE
	EndGlobalSection
	GlobalSection(ExtensibilityGlobals) = postSolution
		SolutionGuid = {B1A80E68-E4C2-4AE1-89A9-49283C4A8C4F}
	EndGlobalSection
EndGlobal
